
Microsoft Visual Studio Solution File, Format Version 12.00
# Visual Studio Version 16
VisualStudioVersion = 16.0.31005.135
MinimumVisualStudioVersion = 10.0.40219.1
Project("{FAE04EC0-301F-11D3-BF4B-00C04F79EFBC}") = "In-Line_Drive", "In-Line_Drive.csproj", "{96EE87D6-2BEB-4997-B49A-C7D21C168A75}"
EndProject
Global
	GlobalSection(SolutionConfigurationPlatforms) = preSolution
		Debug|Any CPU = Debug|Any CPU
		Release|Any CPU = Release|Any CPU
	EndGlobalSection
	GlobalSection(ProjectConfigurationPlatforms) = postSolution
		{96EE87D6-2BEB-4997-B49A-C7D21C168A75}.Debug|Any CPU.ActiveCfg = Debug|Any CPU
		{96EE87D6-2BEB-4997-B49A-C7D21C168A75}.Debug|Any CPU.Build.0 = Debug|Any CPU
		{96EE87D6-2BEB-4997-B49A-C7D21C168A75}.Release|Any CPU.ActiveCfg = Release|Any CPU
		{96EE87D6-2BEB-4997-B49A-C7D21C168A75}.Release|Any CPU.Build.0 = Release|Any CPU
	EndGlobalSection
	GlobalSection(SolutionProperties) = preSolution
		HideSolutionNode = FALSE
	EndGlobalSection
	GlobalSection(ExtensibilityGlobals) = postSolution
		SolutionGuid = {8B5DC284-E339-4DBF-8DE2-BDCD6C2E251A}
	EndGlobalSection
EndGlobal
